
Microsoft Visual Studio Solution File, Format Version 12.00
# Visual Studio 15
VisualStudioVersion = 15.0.28307.136
MinimumVisualStudioVersion = 10.0.40219.1
Project("{FAE04EC0-301F-11D3-BF4B-00C04F79EFBC}") = "Demo.Assembly", "Demo.Assembly\Demo.Assembly.csproj", "{B4E37F75-7CF3-4A87-B58D-C09608DFC974}"
EndProject
Project("{2150E333-8FDC-42A3-9474-1A3956D46DE8}") = "A", "A", "{0886814C-AFD1-4D33-91CF-F4C64D3AA56A}"
EndProject
Project("{2150E333-8FDC-42A3-9474-1A3956D46DE8}") = "B", "B", "{18D75FAE-3637-4FE5-A82D-139A1004979D}"
EndProject
Project("{FAE04EC0-301F-11D3-BF4B-00C04F79EFBC}") = "Demo.Assembly", "Demo.Assembly.Clone\Demo.Assembly.csproj", "{7731F5B9-6ABE-4035-BC87-7D7AC4C45413}"
EndProject
Global
	GlobalSection(SolutionConfigurationPlatforms) = preSolution
		Debug|Any CPU = Debug|Any CPU
		Release|Any CPU = Release|Any CPU
	EndGlobalSection
	GlobalSection(ProjectConfigurationPlatforms) = postSolution
		{B4E37F75-7CF3-4A87-B58D-C09608DFC974}.Debug|Any CPU.ActiveCfg = Debug|Any CPU
		{B4E37F75-7CF3-4A87-B58D-C09608DFC974}.Debug|Any CPU.Build.0 = Debug|Any CPU
		{B4E37F75-7CF3-4A87-B58D-C09608DFC974}.Release|Any CPU.ActiveCfg = Release|Any CPU
		{B4E37F75-7CF3-4A87-B58D-C09608DFC974}.Release|Any CPU.Build.0 = Release|Any CPU
		{7731F5B9-6ABE-4035-BC87-7D7AC4C45413}.Debug|Any CPU.ActiveCfg = Debug|Any CPU
		{7731F5B9-6ABE-4035-BC87-7D7AC4C45413}.Debug|Any CPU.Build.0 = Debug|Any CPU
		{7731F5B9-6ABE-4035-BC87-7D7AC4C45413}.Release|Any CPU.ActiveCfg = Release|Any CPU
		{7731F5B9-6ABE-4035-BC87-7D7AC4C45413}.Release|Any CPU.Build.0 = Release|Any CPU
	EndGlobalSection
	GlobalSection(SolutionProperties) = preSolution
		HideSolutionNode = FALSE
	EndGlobalSection
	GlobalSection(NestedProjects) = preSolution
		{B4E37F75-7CF3-4A87-B58D-C09608DFC974} = {0886814C-AFD1-4D33-91CF-F4C64D3AA56A}
		{7731F5B9-6ABE-4035-BC87-7D7AC4C45413} = {18D75FAE-3637-4FE5-A82D-139A1004979D}
	EndGlobalSection
	GlobalSection(ExtensibilityGlobals) = postSolution
		SolutionGuid = {F718FA92-6E1E-4460-AD03-2709166075D3}
	EndGlobalSection
EndGlobal
